
Microsoft Visual Studio Solution File, Format Version 12.00
# Visual Studio Version 16
VisualStudioVersion = 16.0.29123.88
MinimumVisualStudioVersion = 10.0.40219.1
Project("{FAE04EC0-301F-11D3-BF4B-00C04F79EFBC}") = "ControleParceriasWeb", "ControleParcerias\ControleParceriasWeb.csproj", "{FCBBAE42-12C2-4BA0-A7E2-192984A8C110}"
EndProject
Project("{FAE04EC0-301F-11D3-BF4B-00C04F79EFBC}") = "ControleParceriasAPI", "ParceriaAPI\ControleParceriasAPI.csproj", "{7B49CB7B-1D32-4A75-A707-AFE8D663F9F8}"
EndProject
Project("{FAE04EC0-301F-11D3-BF4B-00C04F79EFBC}") = "ControleParceriasModel", "ControleParceriasModel\ControleParceriasModel.csproj", "{D22800C5-02D2-46C3-A7FC-C1DE6B5924D7}"
EndProject
Project("{FAE04EC0-301F-11D3-BF4B-00C04F79EFBC}") = "ControleParceriasData", "ControleParceriasData\ControleParceriasData.csproj", "{FA23B31F-1F3B-4E43-B070-032B8D37BB83}"
EndProject
Project("{FAE04EC0-301F-11D3-BF4B-00C04F79EFBC}") = "ControleParceriasBusinness", "ControleParceriasBusinness\ControleParceriasBusinness.csproj", "{C67F730C-AC7E-4584-99DC-15EC55D10553}"
EndProject
Global
	GlobalSection(SolutionConfigurationPlatforms) = preSolution
		Debug|Any CPU = Debug|Any CPU
		Release|Any CPU = Release|Any CPU
	EndGlobalSection
	GlobalSection(ProjectConfigurationPlatforms) = postSolution
		{FCBBAE42-12C2-4BA0-A7E2-192984A8C110}.Debug|Any CPU.ActiveCfg = Debug|Any CPU
		{FCBBAE42-12C2-4BA0-A7E2-192984A8C110}.Debug|Any CPU.Build.0 = Debug|Any CPU
		{FCBBAE42-12C2-4BA0-A7E2-192984A8C110}.Release|Any CPU.ActiveCfg = Release|Any CPU
		{FCBBAE42-12C2-4BA0-A7E2-192984A8C110}.Release|Any CPU.Build.0 = Release|Any CPU
		{7B49CB7B-1D32-4A75-A707-AFE8D663F9F8}.Debug|Any CPU.ActiveCfg = Debug|Any CPU
		{7B49CB7B-1D32-4A75-A707-AFE8D663F9F8}.Debug|Any CPU.Build.0 = Debug|Any CPU
		{7B49CB7B-1D32-4A75-A707-AFE8D663F9F8}.Release|Any CPU.ActiveCfg = Release|Any CPU
		{7B49CB7B-1D32-4A75-A707-AFE8D663F9F8}.Release|Any CPU.Build.0 = Release|Any CPU
		{D22800C5-02D2-46C3-A7FC-C1DE6B5924D7}.Debug|Any CPU.ActiveCfg = Debug|Any CPU
		{D22800C5-02D2-46C3-A7FC-C1DE6B5924D7}.Debug|Any CPU.Build.0 = Debug|Any CPU
		{D22800C5-02D2-46C3-A7FC-C1DE6B5924D7}.Release|Any CPU.ActiveCfg = Release|Any CPU
		{D22800C5-02D2-46C3-A7FC-C1DE6B5924D7}.Release|Any CPU.Build.0 = Release|Any CPU
		{FA23B31F-1F3B-4E43-B070-032B8D37BB83}.Debug|Any CPU.ActiveCfg = Debug|Any CPU
		{FA23B31F-1F3B-4E43-B070-032B8D37BB83}.Debug|Any CPU.Build.0 = Debug|Any CPU
		{FA23B31F-1F3B-4E43-B070-032B8D37BB83}.Release|Any CPU.ActiveCfg = Release|Any CPU
		{FA23B31F-1F3B-4E43-B070-032B8D37BB83}.Release|Any CPU.Build.0 = Release|Any CPU
		{C67F730C-AC7E-4584-99DC-15EC55D10553}.Debug|Any CPU.ActiveCfg = Debug|Any CPU
		{C67F730C-AC7E-4584-99DC-15EC55D10553}.Debug|Any CPU.Build.0 = Debug|Any CPU
		{C67F730C-AC7E-4584-99DC-15EC55D10553}.Release|Any CPU.ActiveCfg = Release|Any CPU
		{C67F730C-AC7E-4584-99DC-15EC55D10553}.Release|Any CPU.Build.0 = Release|Any CPU
	EndGlobalSection
	GlobalSection(SolutionProperties) = preSolution
		HideSolutionNode = FALSE
	EndGlobalSection
	GlobalSection(ExtensibilityGlobals) = postSolution
		SolutionGuid = {27A586FC-F2C7-415A-AF83-F8D5B5F61F31}
	EndGlobalSection
EndGlobal
